
Microsoft Visual Studio Solution File, Format Version 12.00
# Visual Studio Version 17
VisualStudioVersion = 17.7.34031.279
MinimumVisualStudioVersion = 10.0.40219.1
Project("{FAE04EC0-301F-11D3-BF4B-00C04F79EFBC}") = "Prova001", "Prova001\Prova001.csproj", "{86B05BF0-D06D-4DFB-9E0B-E6303A660F1F}"
EndProject
Global
	GlobalSection(SolutionConfigurationPlatforms) = preSolution
		Debug|Any CPU = Debug|Any CPU
		Release|Any CPU = Release|Any CPU
	EndGlobalSection
	GlobalSection(ProjectConfigurationPlatforms) = postSolution
		{86B05BF0-D06D-4DFB-9E0B-E6303A660F1F}.Debug|Any CPU.ActiveCfg = Debug|Any CPU
		{86B05BF0-D06D-4DFB-9E0B-E6303A660F1F}.Debug|Any CPU.Build.0 = Debug|Any CPU
		{86B05BF0-D06D-4DFB-9E0B-E6303A660F1F}.Release|Any CPU.ActiveCfg = Release|Any CPU
		{86B05BF0-D06D-4DFB-9E0B-E6303A660F1F}.Release|Any CPU.Build.0 = Release|Any CPU
	EndGlobalSection
	GlobalSection(SolutionProperties) = preSolution
		HideSolutionNode = FALSE
	EndGlobalSection
	GlobalSection(ExtensibilityGlobals) = postSolution
		SolutionGuid = {566D085E-499E-4393-912B-65B5919552DF}
	EndGlobalSection
EndGlobal
