
Microsoft Visual Studio Solution File, Format Version 12.00
# Visual Studio Version 17
VisualStudioVersion = 17.5.002.0
MinimumVisualStudioVersion = 10.0.40219.1
Project("{9A19103F-16F7-4668-BE54-9A1E7A4F7556}") = "Exercici4_b", "Exercici4_b.csproj", "{A5948D38-B5F3-4095-A9B8-2B26134ADA8F}"
EndProject
Global
	GlobalSection(SolutionConfigurationPlatforms) = preSolution
		Debug|Any CPU = Debug|Any CPU
		Release|Any CPU = Release|Any CPU
	EndGlobalSection
	GlobalSection(ProjectConfigurationPlatforms) = postSolution
		{A5948D38-B5F3-4095-A9B8-2B26134ADA8F}.Debug|Any CPU.ActiveCfg = Debug|Any CPU
		{A5948D38-B5F3-4095-A9B8-2B26134ADA8F}.Debug|Any CPU.Build.0 = Debug|Any CPU
		{A5948D38-B5F3-4095-A9B8-2B26134ADA8F}.Release|Any CPU.ActiveCfg = Release|Any CPU
		{A5948D38-B5F3-4095-A9B8-2B26134ADA8F}.Release|Any CPU.Build.0 = Release|Any CPU
	EndGlobalSection
	GlobalSection(SolutionProperties) = preSolution
		HideSolutionNode = FALSE
	EndGlobalSection
	GlobalSection(ExtensibilityGlobals) = postSolution
		SolutionGuid = {1D974F9F-794A-453B-8079-0694EBBF016D}
	EndGlobalSection
EndGlobal
