
Microsoft Visual Studio Solution File, Format Version 12.00
# Visual Studio Version 17
VisualStudioVersion = 17.8.34330.188
MinimumVisualStudioVersion = 10.0.40219.1
Project("{FAE04EC0-301F-11D3-BF4B-00C04F79EFBC}") = "ElPenjat", "ElPenjat\ElPenjat.csproj", "{ADF352F1-2609-49CF-89E2-B4B25A3F5BCE}"
EndProject
Global
	GlobalSection(SolutionConfigurationPlatforms) = preSolution
		Debug|Any CPU = Debug|Any CPU
		Release|Any CPU = Release|Any CPU
	EndGlobalSection
	GlobalSection(ProjectConfigurationPlatforms) = postSolution
		{ADF352F1-2609-49CF-89E2-B4B25A3F5BCE}.Debug|Any CPU.ActiveCfg = Debug|Any CPU
		{ADF352F1-2609-49CF-89E2-B4B25A3F5BCE}.Debug|Any CPU.Build.0 = Debug|Any CPU
		{ADF352F1-2609-49CF-89E2-B4B25A3F5BCE}.Release|Any CPU.ActiveCfg = Release|Any CPU
		{ADF352F1-2609-49CF-89E2-B4B25A3F5BCE}.Release|Any CPU.Build.0 = Release|Any CPU
	EndGlobalSection
	GlobalSection(SolutionProperties) = preSolution
		HideSolutionNode = FALSE
	EndGlobalSection
	GlobalSection(ExtensibilityGlobals) = postSolution
		SolutionGuid = {EB776827-3E84-4326-B767-34E581F1732D}
	EndGlobalSection
EndGlobal
