
Microsoft Visual Studio Solution File, Format Version 12.00
# Visual Studio Version 17
VisualStudioVersion = 17.8.34330.188
MinimumVisualStudioVersion = 10.0.40219.1
Project("{FAE04EC0-301F-11D3-BF4B-00C04F79EFBC}") = "Llista8", "Llista8\Llista8.csproj", "{98B324D1-A763-47B4-9381-34018037EA62}"
EndProject
Global
	GlobalSection(SolutionConfigurationPlatforms) = preSolution
		Debug|Any CPU = Debug|Any CPU
		Release|Any CPU = Release|Any CPU
	EndGlobalSection
	GlobalSection(ProjectConfigurationPlatforms) = postSolution
		{98B324D1-A763-47B4-9381-34018037EA62}.Debug|Any CPU.ActiveCfg = Debug|Any CPU
		{98B324D1-A763-47B4-9381-34018037EA62}.Debug|Any CPU.Build.0 = Debug|Any CPU
		{98B324D1-A763-47B4-9381-34018037EA62}.Release|Any CPU.ActiveCfg = Release|Any CPU
		{98B324D1-A763-47B4-9381-34018037EA62}.Release|Any CPU.Build.0 = Release|Any CPU
	EndGlobalSection
	GlobalSection(SolutionProperties) = preSolution
		HideSolutionNode = FALSE
	EndGlobalSection
	GlobalSection(ExtensibilityGlobals) = postSolution
		SolutionGuid = {349663B7-D4CA-4096-B6B2-1B92838CAB9E}
	EndGlobalSection
EndGlobal
