
Microsoft Visual Studio Solution File, Format Version 12.00
# Visual Studio Version 17
VisualStudioVersion = 17.7.34024.191
MinimumVisualStudioVersion = 10.0.40219.1
Project("{9A19103F-16F7-4668-BE54-9A1E7A4F7556}") = "Exercici01", "Exercici01\Exercici01.csproj", "{EDEAA346-A18B-46CB-83F3-9DCE6A9412F6}"
EndProject
Project("{9A19103F-16F7-4668-BE54-9A1E7A4F7556}") = "Exercici02", "Exercici02\Exercici02.csproj", "{C731F06F-D49C-4B27-91E1-45CBB8E8E0A4}"
EndProject
Project("{9A19103F-16F7-4668-BE54-9A1E7A4F7556}") = "Exercici07", "Exercici07\Exercici07.csproj", "{61BB9087-84D1-4AAD-ABDB-757889700A26}"
EndProject
Project("{9A19103F-16F7-4668-BE54-9A1E7A4F7556}") = "Exercici08", "Exercici08\Exercici08.csproj", "{596BE24F-AD2C-4686-A74B-AD9216DF50C7}"
EndProject
Project("{9A19103F-16F7-4668-BE54-9A1E7A4F7556}") = "Exercici12", "Exercici12\Exercici12.csproj", "{A92C4F79-A93F-46D4-9670-2BFEBF7E06CF}"
EndProject
Project("{9A19103F-16F7-4668-BE54-9A1E7A4F7556}") = "Exercici22", "Exercici22\Exercici22.csproj", "{D7E32653-678B-4DF5-A526-53CBC2B858A6}"
EndProject
Project("{FAE04EC0-301F-11D3-BF4B-00C04F79EFBC}") = "Exercici27", "Exercici27\Exercici27.csproj", "{B14A9583-F40C-43DE-9C41-CA29D7BAD109}"
EndProject
Global
	GlobalSection(SolutionConfigurationPlatforms) = preSolution
		Debug|Any CPU = Debug|Any CPU
		Release|Any CPU = Release|Any CPU
	EndGlobalSection
	GlobalSection(ProjectConfigurationPlatforms) = postSolution
		{EDEAA346-A18B-46CB-83F3-9DCE6A9412F6}.Debug|Any CPU.ActiveCfg = Debug|Any CPU
		{EDEAA346-A18B-46CB-83F3-9DCE6A9412F6}.Debug|Any CPU.Build.0 = Debug|Any CPU
		{EDEAA346-A18B-46CB-83F3-9DCE6A9412F6}.Release|Any CPU.ActiveCfg = Release|Any CPU
		{EDEAA346-A18B-46CB-83F3-9DCE6A9412F6}.Release|Any CPU.Build.0 = Release|Any CPU
		{C731F06F-D49C-4B27-91E1-45CBB8E8E0A4}.Debug|Any CPU.ActiveCfg = Debug|Any CPU
		{C731F06F-D49C-4B27-91E1-45CBB8E8E0A4}.Debug|Any CPU.Build.0 = Debug|Any CPU
		{C731F06F-D49C-4B27-91E1-45CBB8E8E0A4}.Release|Any CPU.ActiveCfg = Release|Any CPU
		{C731F06F-D49C-4B27-91E1-45CBB8E8E0A4}.Release|Any CPU.Build.0 = Release|Any CPU
		{61BB9087-84D1-4AAD-ABDB-757889700A26}.Debug|Any CPU.ActiveCfg = Debug|Any CPU
		{61BB9087-84D1-4AAD-ABDB-757889700A26}.Debug|Any CPU.Build.0 = Debug|Any CPU
		{61BB9087-84D1-4AAD-ABDB-757889700A26}.Release|Any CPU.ActiveCfg = Release|Any CPU
		{61BB9087-84D1-4AAD-ABDB-757889700A26}.Release|Any CPU.Build.0 = Release|Any CPU
		{596BE24F-AD2C-4686-A74B-AD9216DF50C7}.Debug|Any CPU.ActiveCfg = Debug|Any CPU
		{596BE24F-AD2C-4686-A74B-AD9216DF50C7}.Debug|Any CPU.Build.0 = Debug|Any CPU
		{596BE24F-AD2C-4686-A74B-AD9216DF50C7}.Release|Any CPU.ActiveCfg = Release|Any CPU
		{596BE24F-AD2C-4686-A74B-AD9216DF50C7}.Release|Any CPU.Build.0 = Release|Any CPU
		{A92C4F79-A93F-46D4-9670-2BFEBF7E06CF}.Debug|Any CPU.ActiveCfg = Debug|Any CPU
		{A92C4F79-A93F-46D4-9670-2BFEBF7E06CF}.Debug|Any CPU.Build.0 = Debug|Any CPU
		{A92C4F79-A93F-46D4-9670-2BFEBF7E06CF}.Release|Any CPU.ActiveCfg = Release|Any CPU
		{A92C4F79-A93F-46D4-9670-2BFEBF7E06CF}.Release|Any CPU.Build.0 = Release|Any CPU
		{D7E32653-678B-4DF5-A526-53CBC2B858A6}.Debug|Any CPU.ActiveCfg = Debug|Any CPU
		{D7E32653-678B-4DF5-A526-53CBC2B858A6}.Debug|Any CPU.Build.0 = Debug|Any CPU
		{D7E32653-678B-4DF5-A526-53CBC2B858A6}.Release|Any CPU.ActiveCfg = Release|Any CPU
		{D7E32653-678B-4DF5-A526-53CBC2B858A6}.Release|Any CPU.Build.0 = Release|Any CPU
		{B14A9583-F40C-43DE-9C41-CA29D7BAD109}.Debug|Any CPU.ActiveCfg = Debug|Any CPU
		{B14A9583-F40C-43DE-9C41-CA29D7BAD109}.Debug|Any CPU.Build.0 = Debug|Any CPU
		{B14A9583-F40C-43DE-9C41-CA29D7BAD109}.Release|Any CPU.ActiveCfg = Release|Any CPU
		{B14A9583-F40C-43DE-9C41-CA29D7BAD109}.Release|Any CPU.Build.0 = Release|Any CPU
	EndGlobalSection
	GlobalSection(SolutionProperties) = preSolution
		HideSolutionNode = FALSE
	EndGlobalSection
	GlobalSection(ExtensibilityGlobals) = postSolution
		SolutionGuid = {946C1DB4-2075-45A0-944D-A2D3E6E944C5}
	EndGlobalSection
EndGlobal
