
Microsoft Visual Studio Solution File, Format Version 12.00
# Visual Studio Version 17
VisualStudioVersion = 17.8.34330.188
MinimumVisualStudioVersion = 10.0.40219.1
Project("{FAE04EC0-301F-11D3-BF4B-00C04F79EFBC}") = "Exercici01", "Exercici01\Exercici01.csproj", "{A819EEF3-DABC-4F22-84AB-E0CBBDFAA1F4}"
EndProject
Global
	GlobalSection(SolutionConfigurationPlatforms) = preSolution
		Debug|Any CPU = Debug|Any CPU
		Release|Any CPU = Release|Any CPU
	EndGlobalSection
	GlobalSection(ProjectConfigurationPlatforms) = postSolution
		{A819EEF3-DABC-4F22-84AB-E0CBBDFAA1F4}.Debug|Any CPU.ActiveCfg = Debug|Any CPU
		{A819EEF3-DABC-4F22-84AB-E0CBBDFAA1F4}.Debug|Any CPU.Build.0 = Debug|Any CPU
		{A819EEF3-DABC-4F22-84AB-E0CBBDFAA1F4}.Release|Any CPU.ActiveCfg = Release|Any CPU
		{A819EEF3-DABC-4F22-84AB-E0CBBDFAA1F4}.Release|Any CPU.Build.0 = Release|Any CPU
	EndGlobalSection
	GlobalSection(SolutionProperties) = preSolution
		HideSolutionNode = FALSE
	EndGlobalSection
	GlobalSection(ExtensibilityGlobals) = postSolution
		SolutionGuid = {09646FB4-B4D0-44D8-B13F-2036B1E8F5D7}
	EndGlobalSection
EndGlobal
