
Microsoft Visual Studio Solution File, Format Version 12.00
# Visual Studio Version 17
VisualStudioVersion = 17.8.34330.188
MinimumVisualStudioVersion = 10.0.40219.1
Project("{9A19103F-16F7-4668-BE54-9A1E7A4F7556}") = "Exercici03", "Exercici03\Exercici03.csproj", "{FBCA2B0F-35C3-40B2-B7EC-8536A74F06E6}"
EndProject
Project("{9A19103F-16F7-4668-BE54-9A1E7A4F7556}") = "Exercici04", "Exercici04\Exercici04.csproj", "{0D094155-29A5-4D9C-A185-0108D3D821E0}"
EndProject
Project("{9A19103F-16F7-4668-BE54-9A1E7A4F7556}") = "Exercici05", "Exercici05\Exercici05.csproj", "{24CCC32C-9213-4303-A797-BFC1E2686408}"
EndProject
Project("{9A19103F-16F7-4668-BE54-9A1E7A4F7556}") = "Exercici01", "Exercici01\Exercici01.csproj", "{9A3EC1AF-CDE1-47EC-A4CD-71BA14233E61}"
EndProject
Project("{9A19103F-16F7-4668-BE54-9A1E7A4F7556}") = "Exercici02", "Exercici02\Exercici02.csproj", "{867B1EC7-10EB-4500-861E-DC512541713E}"
EndProject
Project("{9A19103F-16F7-4668-BE54-9A1E7A4F7556}") = "Exercici10", "Exercici10\Exercici10.csproj", "{9E66BD2A-08E9-4746-AE15-74F0C26E85F4}"
EndProject
Project("{9A19103F-16F7-4668-BE54-9A1E7A4F7556}") = "Exercici20", "Exercici20\Exercici20.csproj", "{9CB9BCCD-F285-42C3-9F6D-275A16C55FE4}"
EndProject
Project("{9A19103F-16F7-4668-BE54-9A1E7A4F7556}") = "Exercici18", "Exercici18\Exercici18.csproj", "{A0229A6C-C930-4311-B121-B43F4091878B}"
EndProject
Project("{9A19103F-16F7-4668-BE54-9A1E7A4F7556}") = "Exercici21", "Exercici21\Exercici21.csproj", "{FC531079-74F6-4B35-B4AF-56C842585AFB}"
EndProject
Project("{9A19103F-16F7-4668-BE54-9A1E7A4F7556}") = "Exercici15", "Exercici15\Exercici15.csproj", "{0DF3DAEC-FD53-4ABA-8B00-3194059CFC59}"
EndProject
Project("{9A19103F-16F7-4668-BE54-9A1E7A4F7556}") = "Exercici23", "Exercici23\Exercici23.csproj", "{2CCA450C-8822-42C8-A411-C538DE14A419}"
EndProject
Project("{9A19103F-16F7-4668-BE54-9A1E7A4F7556}") = "Exercici24", "Exercici24\Exercici24.csproj", "{A76E825F-189E-4BAB-94E2-289534A03A1D}"
EndProject
Project("{9A19103F-16F7-4668-BE54-9A1E7A4F7556}") = "Exercici33", "Exercici33\Exercici33.csproj", "{C923FF10-7CF6-4D73-9F90-52E60739BFCC}"
EndProject
Project("{9A19103F-16F7-4668-BE54-9A1E7A4F7556}") = "Exercici35", "Exercici35\Exercici35.csproj", "{1E0B3ABB-DD57-4E6C-9E12-7E3A8DA47685}"
EndProject
Project("{9A19103F-16F7-4668-BE54-9A1E7A4F7556}") = "Exercici36", "Exercici36\Exercici36.csproj", "{B846D023-55D4-4A04-9DDB-B4A0A12B224B}"
EndProject
Project("{9A19103F-16F7-4668-BE54-9A1E7A4F7556}") = "Exercici29", "Exercici29\Exercici29.csproj", "{52DE1753-D415-4740-843D-594B0469178D}"
EndProject
Project("{FAE04EC0-301F-11D3-BF4B-00C04F79EFBC}") = "Exercici31", "Exercici31\Exercici31.csproj", "{4BFDC47F-C789-4733-91EB-E5A149843089}"
EndProject
Project("{FAE04EC0-301F-11D3-BF4B-00C04F79EFBC}") = "Exercici32", "Exercici32\Exercici32.csproj", "{797E0629-8940-4EAD-AB31-8641B9026B3B}"
EndProject
Global
	GlobalSection(SolutionConfigurationPlatforms) = preSolution
		Debug|Any CPU = Debug|Any CPU
		Release|Any CPU = Release|Any CPU
	EndGlobalSection
	GlobalSection(ProjectConfigurationPlatforms) = postSolution
		{FBCA2B0F-35C3-40B2-B7EC-8536A74F06E6}.Debug|Any CPU.ActiveCfg = Debug|Any CPU
		{FBCA2B0F-35C3-40B2-B7EC-8536A74F06E6}.Debug|Any CPU.Build.0 = Debug|Any CPU
		{FBCA2B0F-35C3-40B2-B7EC-8536A74F06E6}.Release|Any CPU.ActiveCfg = Release|Any CPU
		{FBCA2B0F-35C3-40B2-B7EC-8536A74F06E6}.Release|Any CPU.Build.0 = Release|Any CPU
		{0D094155-29A5-4D9C-A185-0108D3D821E0}.Debug|Any CPU.ActiveCfg = Debug|Any CPU
		{0D094155-29A5-4D9C-A185-0108D3D821E0}.Debug|Any CPU.Build.0 = Debug|Any CPU
		{0D094155-29A5-4D9C-A185-0108D3D821E0}.Release|Any CPU.ActiveCfg = Release|Any CPU
		{0D094155-29A5-4D9C-A185-0108D3D821E0}.Release|Any CPU.Build.0 = Release|Any CPU
		{24CCC32C-9213-4303-A797-BFC1E2686408}.Debug|Any CPU.ActiveCfg = Debug|Any CPU
		{24CCC32C-9213-4303-A797-BFC1E2686408}.Debug|Any CPU.Build.0 = Debug|Any CPU
		{24CCC32C-9213-4303-A797-BFC1E2686408}.Release|Any CPU.ActiveCfg = Release|Any CPU
		{24CCC32C-9213-4303-A797-BFC1E2686408}.Release|Any CPU.Build.0 = Release|Any CPU
		{9A3EC1AF-CDE1-47EC-A4CD-71BA14233E61}.Debug|Any CPU.ActiveCfg = Debug|Any CPU
		{9A3EC1AF-CDE1-47EC-A4CD-71BA14233E61}.Debug|Any CPU.Build.0 = Debug|Any CPU
		{9A3EC1AF-CDE1-47EC-A4CD-71BA14233E61}.Release|Any CPU.ActiveCfg = Release|Any CPU
		{9A3EC1AF-CDE1-47EC-A4CD-71BA14233E61}.Release|Any CPU.Build.0 = Release|Any CPU
		{867B1EC7-10EB-4500-861E-DC512541713E}.Debug|Any CPU.ActiveCfg = Debug|Any CPU
		{867B1EC7-10EB-4500-861E-DC512541713E}.Debug|Any CPU.Build.0 = Debug|Any CPU
		{867B1EC7-10EB-4500-861E-DC512541713E}.Release|Any CPU.ActiveCfg = Release|Any CPU
		{867B1EC7-10EB-4500-861E-DC512541713E}.Release|Any CPU.Build.0 = Release|Any CPU
		{9E66BD2A-08E9-4746-AE15-74F0C26E85F4}.Debug|Any CPU.ActiveCfg = Debug|Any CPU
		{9E66BD2A-08E9-4746-AE15-74F0C26E85F4}.Debug|Any CPU.Build.0 = Debug|Any CPU
		{9E66BD2A-08E9-4746-AE15-74F0C26E85F4}.Release|Any CPU.ActiveCfg = Release|Any CPU
		{9E66BD2A-08E9-4746-AE15-74F0C26E85F4}.Release|Any CPU.Build.0 = Release|Any CPU
		{9CB9BCCD-F285-42C3-9F6D-275A16C55FE4}.Debug|Any CPU.ActiveCfg = Debug|Any CPU
		{9CB9BCCD-F285-42C3-9F6D-275A16C55FE4}.Debug|Any CPU.Build.0 = Debug|Any CPU
		{9CB9BCCD-F285-42C3-9F6D-275A16C55FE4}.Release|Any CPU.ActiveCfg = Release|Any CPU
		{9CB9BCCD-F285-42C3-9F6D-275A16C55FE4}.Release|Any CPU.Build.0 = Release|Any CPU
		{A0229A6C-C930-4311-B121-B43F4091878B}.Debug|Any CPU.ActiveCfg = Debug|Any CPU
		{A0229A6C-C930-4311-B121-B43F4091878B}.Debug|Any CPU.Build.0 = Debug|Any CPU
		{A0229A6C-C930-4311-B121-B43F4091878B}.Release|Any CPU.ActiveCfg = Release|Any CPU
		{A0229A6C-C930-4311-B121-B43F4091878B}.Release|Any CPU.Build.0 = Release|Any CPU
		{FC531079-74F6-4B35-B4AF-56C842585AFB}.Debug|Any CPU.ActiveCfg = Debug|Any CPU
		{FC531079-74F6-4B35-B4AF-56C842585AFB}.Debug|Any CPU.Build.0 = Debug|Any CPU
		{FC531079-74F6-4B35-B4AF-56C842585AFB}.Release|Any CPU.ActiveCfg = Release|Any CPU
		{FC531079-74F6-4B35-B4AF-56C842585AFB}.Release|Any CPU.Build.0 = Release|Any CPU
		{0DF3DAEC-FD53-4ABA-8B00-3194059CFC59}.Debug|Any CPU.ActiveCfg = Debug|Any CPU
		{0DF3DAEC-FD53-4ABA-8B00-3194059CFC59}.Debug|Any CPU.Build.0 = Debug|Any CPU
		{0DF3DAEC-FD53-4ABA-8B00-3194059CFC59}.Release|Any CPU.ActiveCfg = Release|Any CPU
		{0DF3DAEC-FD53-4ABA-8B00-3194059CFC59}.Release|Any CPU.Build.0 = Release|Any CPU
		{2CCA450C-8822-42C8-A411-C538DE14A419}.Debug|Any CPU.ActiveCfg = Debug|Any CPU
		{2CCA450C-8822-42C8-A411-C538DE14A419}.Debug|Any CPU.Build.0 = Debug|Any CPU
		{2CCA450C-8822-42C8-A411-C538DE14A419}.Release|Any CPU.ActiveCfg = Release|Any CPU
		{2CCA450C-8822-42C8-A411-C538DE14A419}.Release|Any CPU.Build.0 = Release|Any CPU
		{A76E825F-189E-4BAB-94E2-289534A03A1D}.Debug|Any CPU.ActiveCfg = Debug|Any CPU
		{A76E825F-189E-4BAB-94E2-289534A03A1D}.Debug|Any CPU.Build.0 = Debug|Any CPU
		{A76E825F-189E-4BAB-94E2-289534A03A1D}.Release|Any CPU.ActiveCfg = Release|Any CPU
		{A76E825F-189E-4BAB-94E2-289534A03A1D}.Release|Any CPU.Build.0 = Release|Any CPU
		{C923FF10-7CF6-4D73-9F90-52E60739BFCC}.Debug|Any CPU.ActiveCfg = Debug|Any CPU
		{C923FF10-7CF6-4D73-9F90-52E60739BFCC}.Debug|Any CPU.Build.0 = Debug|Any CPU
		{C923FF10-7CF6-4D73-9F90-52E60739BFCC}.Release|Any CPU.ActiveCfg = Release|Any CPU
		{C923FF10-7CF6-4D73-9F90-52E60739BFCC}.Release|Any CPU.Build.0 = Release|Any CPU
		{1E0B3ABB-DD57-4E6C-9E12-7E3A8DA47685}.Debug|Any CPU.ActiveCfg = Debug|Any CPU
		{1E0B3ABB-DD57-4E6C-9E12-7E3A8DA47685}.Debug|Any CPU.Build.0 = Debug|Any CPU
		{1E0B3ABB-DD57-4E6C-9E12-7E3A8DA47685}.Release|Any CPU.ActiveCfg = Release|Any CPU
		{1E0B3ABB-DD57-4E6C-9E12-7E3A8DA47685}.Release|Any CPU.Build.0 = Release|Any CPU
		{B846D023-55D4-4A04-9DDB-B4A0A12B224B}.Debug|Any CPU.ActiveCfg = Debug|Any CPU
		{B846D023-55D4-4A04-9DDB-B4A0A12B224B}.Debug|Any CPU.Build.0 = Debug|Any CPU
		{B846D023-55D4-4A04-9DDB-B4A0A12B224B}.Release|Any CPU.ActiveCfg = Release|Any CPU
		{B846D023-55D4-4A04-9DDB-B4A0A12B224B}.Release|Any CPU.Build.0 = Release|Any CPU
		{52DE1753-D415-4740-843D-594B0469178D}.Debug|Any CPU.ActiveCfg = Debug|Any CPU
		{52DE1753-D415-4740-843D-594B0469178D}.Debug|Any CPU.Build.0 = Debug|Any CPU
		{52DE1753-D415-4740-843D-594B0469178D}.Release|Any CPU.ActiveCfg = Release|Any CPU
		{52DE1753-D415-4740-843D-594B0469178D}.Release|Any CPU.Build.0 = Release|Any CPU
		{4BFDC47F-C789-4733-91EB-E5A149843089}.Debug|Any CPU.ActiveCfg = Debug|Any CPU
		{4BFDC47F-C789-4733-91EB-E5A149843089}.Debug|Any CPU.Build.0 = Debug|Any CPU
		{4BFDC47F-C789-4733-91EB-E5A149843089}.Release|Any CPU.ActiveCfg = Release|Any CPU
		{4BFDC47F-C789-4733-91EB-E5A149843089}.Release|Any CPU.Build.0 = Release|Any CPU
		{797E0629-8940-4EAD-AB31-8641B9026B3B}.Debug|Any CPU.ActiveCfg = Debug|Any CPU
		{797E0629-8940-4EAD-AB31-8641B9026B3B}.Debug|Any CPU.Build.0 = Debug|Any CPU
		{797E0629-8940-4EAD-AB31-8641B9026B3B}.Release|Any CPU.ActiveCfg = Release|Any CPU
		{797E0629-8940-4EAD-AB31-8641B9026B3B}.Release|Any CPU.Build.0 = Release|Any CPU
	EndGlobalSection
	GlobalSection(SolutionProperties) = preSolution
		HideSolutionNode = FALSE
	EndGlobalSection
	GlobalSection(ExtensibilityGlobals) = postSolution
		SolutionGuid = {B95CC476-E392-433E-8D00-E452CC06E1D8}
	EndGlobalSection
EndGlobal
