
Microsoft Visual Studio Solution File, Format Version 12.00
# Visual Studio Version 17
VisualStudioVersion = 17.8.34330.188
MinimumVisualStudioVersion = 10.0.40219.1
Project("{9A19103F-16F7-4668-BE54-9A1E7A4F7556}") = "Exercici01", "Exercici01\Exercici01.csproj", "{27E58238-1DC8-4060-B94F-FC99D988718B}"
EndProject
Project("{9A19103F-16F7-4668-BE54-9A1E7A4F7556}") = "Exercici02", "Exercici02\Exercici02.csproj", "{EE8C8CFF-A3EB-4C2C-BCC0-73D03C1CE708}"
EndProject
Project("{FAE04EC0-301F-11D3-BF4B-00C04F79EFBC}") = "Exercici03", "Exercici03\Exercici03.csproj", "{3B0DBBDB-228C-4C84-87D9-D0DCEB2813F4}"
EndProject
Project("{FAE04EC0-301F-11D3-BF4B-00C04F79EFBC}") = "Exercici05", "Exercici05\Exercici05.csproj", "{D29F8902-1973-42DA-A736-E05EB4283F72}"
EndProject
Global
	GlobalSection(SolutionConfigurationPlatforms) = preSolution
		Debug|Any CPU = Debug|Any CPU
		Release|Any CPU = Release|Any CPU
	EndGlobalSection
	GlobalSection(ProjectConfigurationPlatforms) = postSolution
		{27E58238-1DC8-4060-B94F-FC99D988718B}.Debug|Any CPU.ActiveCfg = Debug|Any CPU
		{27E58238-1DC8-4060-B94F-FC99D988718B}.Debug|Any CPU.Build.0 = Debug|Any CPU
		{27E58238-1DC8-4060-B94F-FC99D988718B}.Release|Any CPU.ActiveCfg = Release|Any CPU
		{27E58238-1DC8-4060-B94F-FC99D988718B}.Release|Any CPU.Build.0 = Release|Any CPU
		{EE8C8CFF-A3EB-4C2C-BCC0-73D03C1CE708}.Debug|Any CPU.ActiveCfg = Debug|Any CPU
		{EE8C8CFF-A3EB-4C2C-BCC0-73D03C1CE708}.Debug|Any CPU.Build.0 = Debug|Any CPU
		{EE8C8CFF-A3EB-4C2C-BCC0-73D03C1CE708}.Release|Any CPU.ActiveCfg = Release|Any CPU
		{EE8C8CFF-A3EB-4C2C-BCC0-73D03C1CE708}.Release|Any CPU.Build.0 = Release|Any CPU
		{3B0DBBDB-228C-4C84-87D9-D0DCEB2813F4}.Debug|Any CPU.ActiveCfg = Debug|Any CPU
		{3B0DBBDB-228C-4C84-87D9-D0DCEB2813F4}.Debug|Any CPU.Build.0 = Debug|Any CPU
		{3B0DBBDB-228C-4C84-87D9-D0DCEB2813F4}.Release|Any CPU.ActiveCfg = Release|Any CPU
		{3B0DBBDB-228C-4C84-87D9-D0DCEB2813F4}.Release|Any CPU.Build.0 = Release|Any CPU
		{D29F8902-1973-42DA-A736-E05EB4283F72}.Debug|Any CPU.ActiveCfg = Debug|Any CPU
		{D29F8902-1973-42DA-A736-E05EB4283F72}.Debug|Any CPU.Build.0 = Debug|Any CPU
		{D29F8902-1973-42DA-A736-E05EB4283F72}.Release|Any CPU.ActiveCfg = Release|Any CPU
		{D29F8902-1973-42DA-A736-E05EB4283F72}.Release|Any CPU.Build.0 = Release|Any CPU
	EndGlobalSection
	GlobalSection(SolutionProperties) = preSolution
		HideSolutionNode = FALSE
	EndGlobalSection
	GlobalSection(ExtensibilityGlobals) = postSolution
		SolutionGuid = {4E878AF0-9020-4B92-B014-1E82DD680DEA}
	EndGlobalSection
EndGlobal
