
Microsoft Visual Studio Solution File, Format Version 12.00
# Visual Studio Version 17
VisualStudioVersion = 17.7.34024.191
MinimumVisualStudioVersion = 10.0.40219.1
Project("{FAE04EC0-301F-11D3-BF4B-00C04F79EFBC}") = "Prova00", "Prova00\Prova00.csproj", "{84F59071-2292-4F61-B1A9-EF32FE6B6EEF}"
EndProject
Global
	GlobalSection(SolutionConfigurationPlatforms) = preSolution
		Debug|Any CPU = Debug|Any CPU
		Release|Any CPU = Release|Any CPU
	EndGlobalSection
	GlobalSection(ProjectConfigurationPlatforms) = postSolution
		{84F59071-2292-4F61-B1A9-EF32FE6B6EEF}.Debug|Any CPU.ActiveCfg = Debug|Any CPU
		{84F59071-2292-4F61-B1A9-EF32FE6B6EEF}.Debug|Any CPU.Build.0 = Debug|Any CPU
		{84F59071-2292-4F61-B1A9-EF32FE6B6EEF}.Release|Any CPU.ActiveCfg = Release|Any CPU
		{84F59071-2292-4F61-B1A9-EF32FE6B6EEF}.Release|Any CPU.Build.0 = Release|Any CPU
	EndGlobalSection
	GlobalSection(SolutionProperties) = preSolution
		HideSolutionNode = FALSE
	EndGlobalSection
	GlobalSection(ExtensibilityGlobals) = postSolution
		SolutionGuid = {FBE0B48B-8E1E-4AAF-8225-3F76DDCF17CE}
	EndGlobalSection
EndGlobal
