
Microsoft Visual Studio Solution File, Format Version 12.00
# Visual Studio Version 17
VisualStudioVersion = 17.8.34330.188
MinimumVisualStudioVersion = 10.0.40219.1
Project("{FAE04EC0-301F-11D3-BF4B-00C04F79EFBC}") = "FitxersInici", "FitxersInici\FitxersInici.csproj", "{6B52E1CA-E24F-4338-8156-78A437503C1A}"
EndProject
Global
	GlobalSection(SolutionConfigurationPlatforms) = preSolution
		Debug|Any CPU = Debug|Any CPU
		Release|Any CPU = Release|Any CPU
	EndGlobalSection
	GlobalSection(ProjectConfigurationPlatforms) = postSolution
		{6B52E1CA-E24F-4338-8156-78A437503C1A}.Debug|Any CPU.ActiveCfg = Debug|Any CPU
		{6B52E1CA-E24F-4338-8156-78A437503C1A}.Debug|Any CPU.Build.0 = Debug|Any CPU
		{6B52E1CA-E24F-4338-8156-78A437503C1A}.Release|Any CPU.ActiveCfg = Release|Any CPU
		{6B52E1CA-E24F-4338-8156-78A437503C1A}.Release|Any CPU.Build.0 = Release|Any CPU
	EndGlobalSection
	GlobalSection(SolutionProperties) = preSolution
		HideSolutionNode = FALSE
	EndGlobalSection
	GlobalSection(ExtensibilityGlobals) = postSolution
		SolutionGuid = {917DF2E1-82CB-4C19-BF9A-105102BB9F54}
	EndGlobalSection
EndGlobal
